{
    "_readme": [
        "This file locks the dependencies of your project to a known state",
        "Read more about it at https://getcomposer.org/doc/01-basic-usage.md#installing-dependencies",
        "This file is @generated automatically"
    ],
    "content-hash": "88555d619a4948e52db1046269462482",
    "packages": [
        {
            "name": "coffeecode/datalayer",
            "version": "1.1.8",
            "source": {
                "type": "git",
                "url": "https://github.com/robsonvleite/datalayer.git",
                "reference": "52e209190752eccc0bfd8ff3abcdd607ed4c01c1"
            },
            "dist": {
                "type": "zip",
                "url": "https://api.github.com/repos/robsonvleite/datalayer/zipball/52e209190752eccc0bfd8ff3abcdd607ed4c01c1",
                "reference": "52e209190752eccc0bfd8ff3abcdd607ed4c01c1",
                "shasum": ""
            },
            "require": {
                "ext-pdo": "*",
                "php": ">=7.2"
            },
            "type": "library",
            "autoload": {
                "psr-4": {
                    "CoffeeCode\\DataLayer\\": "src"
                }
            },
            "notification-url": "https://packagist.org/downloads/",
            "license": [
                "MIT"
            ],
            "authors": [
                {
                    "name": "Robson V. Leite",
                    "email": "cursos@upinside.com.br",
                    "role": "Developer"
                }
            ],
            "description": "The data layer is a persistent abstraction component of your database that PDO",
            "homepage": "http://www.upinside.com.br",
            "keywords": [
                "Coffeecode",
                "crud",
                "database",
                "delete",
                "destroy",
                "pdo",
                "save",
                "upinside"
            ],
            "support": {
                "issues": "https://github.com/robsonvleite/datalayer/issues",
                "source": "https://github.com/robsonvleite/datalayer/tree/1.1.8"
            },
            "time": "2021-03-21T14:00:57+00:00"
        },
        {
            "name": "coffeecode/optimizer",
            "version": "2.0.2",
            "source": {
                "type": "git",
                "url": "https://github.com/robsonvleite/optimizer.git",
                "reference": "53c00844e3316a74f8f076b0b325ceb140d41b70"
            },
            "dist": {
                "type": "zip",
                "url": "https://api.github.com/repos/robsonvleite/optimizer/zipball/53c00844e3316a74f8f076b0b325ceb140d41b70",
                "reference": "53c00844e3316a74f8f076b0b325ceb140d41b70",
                "shasum": ""
            },
            "require": {
                "ext-simplexml": "*",
                "php": ">=7.2"
            },
            "type": "library",
            "autoload": {
                "psr-4": {
                    "CoffeeCode\\Optimizer\\": "src"
                }
            },
            "notification-url": "https://packagist.org/downloads/",
            "license": [
                "MIT"
            ],
            "authors": [
                {
                    "name": "Robson V. Leite",
                    "email": "cursos@upinside.com.br",
                    "role": "Developer"
                }
            ],
            "description": "Optimizer makes it easy to bookmark your site tags, open graph and twitter card",
            "homepage": "http://www.upinside.com.br",
            "keywords": [
                "Coffeecode",
                "Facebook Tags",
                "SMO",
                "meta tags",
                "open graph",
                "seo",
                "twitter card",
                "upinside"
            ],
            "support": {
                "issues": "https://github.com/robsonvleite/optimizer/issues",
                "source": "https://github.com/robsonvleite/optimizer/tree/2.0.2"
            },
            "time": "2021-03-21T14:08:00+00:00"
        },
        {
            "name": "coffeecode/router",
            "version": "1.0.8",
            "source": {
                "type": "git",
                "url": "https://github.com/robsonvleite/router.git",
                "reference": "29f73e12351a116e9bbb3f695595777a09e18077"
            },
            "dist": {
                "type": "zip",
                "url": "https://api.github.com/repos/robsonvleite/router/zipball/29f73e12351a116e9bbb3f695595777a09e18077",
                "reference": "29f73e12351a116e9bbb3f695595777a09e18077",
                "shasum": ""
            },
            "require": {
                "php": ">=7.2"
            },
            "type": "library",
            "autoload": {
                "psr-4": {
                    "CoffeeCode\\Router\\": "src"
                }
            },
            "notification-url": "https://packagist.org/downloads/",
            "license": [
                "MIT"
            ],
            "authors": [
                {
                    "name": "Robson V. Leite",
                    "email": "cursos@upinside.com.br",
                    "role": "Developer"
                }
            ],
            "description": "A classic CoffeeCode Router is easy, fast and extremely uncomplicated. Create and manage your routes in minutes!",
            "homepage": "http://www.upinside.com.br",
            "keywords": [
                "Coffeecode",
                "route",
                "router",
                "routes",
                "upinside"
            ],
            "support": {
                "issues": "https://github.com/robsonvleite/router/issues",
                "source": "https://github.com/robsonvleite/router/tree/1.0.8"
            },
            "time": "2021-03-21T18:45:16+00:00"
        },
        {
            "name": "league/plates",
            "version": "v4.0.0-alpha",
            "source": {
                "type": "git",
                "url": "https://github.com/thephpleague/plates.git",
                "reference": "f53f4c1fa4bf307d0f3858a348172ff4faf7669a"
            },
            "dist": {
                "type": "zip",
                "url": "https://api.github.com/repos/thephpleague/plates/zipball/f53f4c1fa4bf307d0f3858a348172ff4faf7669a",
                "reference": "f53f4c1fa4bf307d0f3858a348172ff4faf7669a",
                "shasum": ""
            },
            "require": {
                "php": "^7.0"
            },
            "require-dev": {
                "eloquent/phony-peridot": "^2.0",
                "peridot-php/leo": "^1.6",
                "peridot-php/peridot": "^1.19",
                "peridot-php/peridot-code-coverage-reporters": "^3.0",
                "squizlabs/php_codesniffer": "~1.5"
            },
            "type": "library",
            "extra": {
                "branch-alias": {
                    "dev-master": "4.0-dev"
                }
            },
            "autoload": {
                "psr-4": {
                    "League\\Plates\\": "src"
                },
                "files": [
                    "src/Template/match.php",
                    "src/Extension/Data/data.php",
                    "src/Extension/Path/path.php",
                    "src/Extension/RenderContext/func.php",
                    "src/Extension/RenderContext/render-context.php",
                    "src/Extension/LayoutSections/layout-sections.php",
                    "src/Extension/Folders/folders.php",
                    "src/Util/util.php"
                ]
            },
            "notification-url": "https://packagist.org/downloads/",
            "license": [
                "MIT"
            ],
            "authors": [
                {
                    "name": "Jonathan Reinink",
                    "email": "jonathan@reinink.ca",
                    "role": "Developer"
                },
                {
                    "name": "RJ Garcia",
                    "email": "rj@bighead.net",
                    "role": "Developer"
                }
            ],
            "description": "Plates, the native PHP template system that's fast, easy to use and easy to extend.",
            "homepage": "http://platesphp.com",
            "keywords": [
                "league",
                "package",
                "templates",
                "templating",
                "views"
            ],
            "support": {
                "issues": "https://github.com/thephpleague/plates/issues",
                "source": "https://github.com/thephpleague/plates/tree/master"
            },
            "time": "2018-01-31T07:20:23+00:00"
        },
        {
            "name": "matthiasmullie/minify",
            "version": "1.3.66",
            "source": {
                "type": "git",
                "url": "https://github.com/matthiasmullie/minify.git",
                "reference": "45fd3b0f1dfa2c965857c6d4a470bea52adc31a6"
            },
            "dist": {
                "type": "zip",
                "url": "https://api.github.com/repos/matthiasmullie/minify/zipball/45fd3b0f1dfa2c965857c6d4a470bea52adc31a6",
                "reference": "45fd3b0f1dfa2c965857c6d4a470bea52adc31a6",
                "shasum": ""
            },
            "require": {
                "ext-pcre": "*",
                "matthiasmullie/path-converter": "~1.1",
                "php": ">=5.3.0"
            },
            "require-dev": {
                "friendsofphp/php-cs-fixer": "~2.0",
                "matthiasmullie/scrapbook": "dev-master",
                "phpunit/phpunit": ">=4.8"
            },
            "suggest": {
                "psr/cache-implementation": "Cache implementation to use with Minify::cache"
            },
            "bin": [
                "bin/minifycss",
                "bin/minifyjs"
            ],
            "type": "library",
            "autoload": {
                "psr-4": {
                    "MatthiasMullie\\Minify\\": "src/"
                }
            },
            "notification-url": "https://packagist.org/downloads/",
            "license": [
                "MIT"
            ],
            "authors": [
                {
                    "name": "Matthias Mullie",
                    "email": "minify@mullie.eu",
                    "homepage": "http://www.mullie.eu",
                    "role": "Developer"
                }
            ],
            "description": "CSS & JavaScript minifier, in PHP. Removes whitespace, strips comments, combines files (incl. @import statements and small assets in CSS files), and optimizes/shortens a few common programming patterns.",
            "homepage": "http://www.minifier.org",
            "keywords": [
                "JS",
                "css",
                "javascript",
                "minifier",
                "minify"
            ],
            "support": {
                "issues": "https://github.com/matthiasmullie/minify/issues",
                "source": "https://github.com/matthiasmullie/minify/tree/1.3.66"
            },
            "funding": [
                {
                    "url": "https://github.com/[user1",
                    "type": "github"
                },
                {
                    "url": "https://github.com/matthiasmullie] # Replace with up to 4 GitHub Sponsors-enabled usernames e.g.",
                    "type": "github"
                },
                {
                    "url": "https://github.com/user2",
                    "type": "github"
                }
            ],
            "time": "2021-01-06T15:18:10+00:00"
        },
        {
            "name": "matthiasmullie/path-converter",
            "version": "1.1.3",
            "source": {
                "type": "git",
                "url": "https://github.com/matthiasmullie/path-converter.git",
                "reference": "e7d13b2c7e2f2268e1424aaed02085518afa02d9"
            },
            "dist": {
                "type": "zip",
                "url": "https://api.github.com/repos/matthiasmullie/path-converter/zipball/e7d13b2c7e2f2268e1424aaed02085518afa02d9",
                "reference": "e7d13b2c7e2f2268e1424aaed02085518afa02d9",
                "shasum": ""
            },
            "require": {
                "ext-pcre": "*",
                "php": ">=5.3.0"
            },
            "require-dev": {
                "phpunit/phpunit": "~4.8"
            },
            "type": "library",
            "autoload": {
                "psr-4": {
                    "MatthiasMullie\\PathConverter\\": "src/"
                }
            },
            "notification-url": "https://packagist.org/downloads/",
            "license": [
                "MIT"
            ],
            "authors": [
                {
                    "name": "Matthias Mullie",
                    "email": "pathconverter@mullie.eu",
                    "homepage": "http://www.mullie.eu",
                    "role": "Developer"
                }
            ],
            "description": "Relative path converter",
            "homepage": "http://github.com/matthiasmullie/path-converter",
            "keywords": [
                "converter",
                "path",
                "paths",
                "relative"
            ],
            "support": {
                "issues": "https://github.com/matthiasmullie/path-converter/issues",
                "source": "https://github.com/matthiasmullie/path-converter/tree/1.1.3"
            },
            "time": "2019-02-05T23:41:09+00:00"
        },
        {
            "name": "phpmailer/phpmailer",
            "version": "v6.1.8",
            "source": {
                "type": "git",
                "url": "https://github.com/PHPMailer/PHPMailer.git",
                "reference": "917ab212fa00dc6eacbb26e8bc387ebe40993bc1"
            },
            "dist": {
                "type": "zip",
                "url": "https://api.github.com/repos/PHPMailer/PHPMailer/zipball/917ab212fa00dc6eacbb26e8bc387ebe40993bc1",
                "reference": "917ab212fa00dc6eacbb26e8bc387ebe40993bc1",
                "shasum": ""
            },
            "require": {
                "ext-ctype": "*",
                "ext-filter": "*",
                "ext-hash": "*",
                "php": ">=5.5.0"
            },
            "require-dev": {
                "doctrine/annotations": "^1.2",
                "friendsofphp/php-cs-fixer": "^2.2",
                "phpunit/phpunit": "^4.8 || ^5.7"
            },
            "suggest": {
                "ext-mbstring": "Needed to send email in multibyte encoding charset",
                "hayageek/oauth2-yahoo": "Needed for Yahoo XOAUTH2 authentication",
                "league/oauth2-google": "Needed for Google XOAUTH2 authentication",
                "psr/log": "For optional PSR-3 debug logging",
                "stevenmaguire/oauth2-microsoft": "Needed for Microsoft XOAUTH2 authentication",
                "symfony/polyfill-mbstring": "To support UTF-8 if the Mbstring PHP extension is not enabled (^1.2)"
            },
            "type": "library",
            "autoload": {
                "psr-4": {
                    "PHPMailer\\PHPMailer\\": "src/"
                }
            },
            "notification-url": "https://packagist.org/downloads/",
            "license": [
                "LGPL-2.1-only"
            ],
            "authors": [
                {
                    "name": "Marcus Bointon",
                    "email": "phpmailer@synchromedia.co.uk"
                },
                {
                    "name": "Jim Jagielski",
                    "email": "jimjag@gmail.com"
                },
                {
                    "name": "Andy Prevost",
                    "email": "codeworxtech@users.sourceforge.net"
                },
                {
                    "name": "Brent R. Matzelle"
                }
            ],
            "description": "PHPMailer is a full-featured email creation and transfer class for PHP",
            "support": {
                "issues": "https://github.com/PHPMailer/PHPMailer/issues",
                "source": "https://github.com/PHPMailer/PHPMailer/tree/v6.1.8"
            },
            "funding": [
                {
                    "url": "https://github.com/synchro",
                    "type": "github"
                }
            ],
            "time": "2020-10-09T14:55:58+00:00"
        }
    ],
    "packages-dev": [],
    "aliases": [],
    "minimum-stability": "stable",
    "stability-flags": {
        "league/plates": 15
    },
    "prefer-stable": false,
    "prefer-lowest": false,
    "platform": {
        "ext-json": "*"
    },
    "platform-dev": [],
    "plugin-api-version": "2.1.0"
}
